
Microsoft Visual Studio Solution File, Format Version 12.00
Project("{FAE04EC0-301F-11D3-BF4B-00C04F79EFBC}") = "Hangfire.Jobs.Prometheus", "Hangfire.Jobs.Prometheus.csproj", "{AA47CDEF-B43A-4450-B007-0EFCEC6F5B42}"
EndProject
Global
	GlobalSection(SolutionConfigurationPlatforms) = preSolution
		Debug|Any CPU = Debug|Any CPU
		Release|Any CPU = Release|Any CPU
	EndGlobalSection
	GlobalSection(ProjectConfigurationPlatforms) = postSolution
		{AA47CDEF-B43A-4450-B007-0EFCEC6F5B42}.Debug|Any CPU.ActiveCfg = Debug|Any CPU
		{AA47CDEF-B43A-4450-B007-0EFCEC6F5B42}.Debug|Any CPU.Build.0 = Debug|Any CPU
		{AA47CDEF-B43A-4450-B007-0EFCEC6F5B42}.Release|Any CPU.ActiveCfg = Release|Any CPU
		{AA47CDEF-B43A-4450-B007-0EFCEC6F5B42}.Release|Any CPU.Build.0 = Release|Any CPU
	EndGlobalSection
EndGlobal
